{
  "originHash" : "d5cf0fc213520a97c7299850fa238e50a0ff8739e15a1b9e0386fba731e7db0a",
  "pins" : [
    {
      "identity" : "swift-docc-plugin",
      "kind" : "remoteSourceControl",
      "location" : "https://github.com/apple/swift-docc-plugin",
      "state" : {
        "revision" : "85e4bb4e1cd62cec64a4b8e769dcefdf0c5b9d64",
        "version" : "1.4.3"
      }
    },
    {
      "identity" : "swift-docc-symbolkit",
      "kind" : "remoteSourceControl",
      "location" : "https://github.com/swiftlang/swift-docc-symbolkit",
      "state" : {
        "revision" : "b45d1f2ed151d057b54504d653e0da5552844e34",
        "version" : "1.0.0"
      }
    },
    {
      "identity" : "volumebuttonhandler",
      "kind" : "remoteSourceControl",
      "location" : "https://github.com/JuniperPhoton/VolumeButtonHandler",
      "state" : {
        "revision" : "13e1a68a06077ff55cfe4f4da7fe43f2e114a2fe",
        "version" : "1.0.2"
      }
    }
  ],
  "version" : 3
}
